
Microsoft Visual Studio Solution File, Format Version 12.00
# Visual Studio Version 16
VisualStudioVersion = 16.0.31624.102
MinimumVisualStudioVersion = 10.0.40219.1
Project("{9A19103F-16F7-4668-BE54-9A1E7A4F7556}") = "BlazorSplittersDemoServer", "BlazorSplittersDemoServer\BlazorSplittersDemoServer.csproj", "{6A43ED64-DBC7-490A-8443-DD622E1F08E2}"
EndProject
Project("{FAE04EC0-301F-11D3-BF4B-00C04F79EFBC}") = "BlazorSplitters", "BlazorSplitters\BlazorSplitters.csproj", "{CA57E7B1-9778-4D2B-AA57-22589F665FDB}"
EndProject
Global
	GlobalSection(SolutionConfigurationPlatforms) = preSolution
		Debug|Any CPU = Debug|Any CPU
		Release|Any CPU = Release|Any CPU
	EndGlobalSection
	GlobalSection(ProjectConfigurationPlatforms) = postSolution
		{6A43ED64-DBC7-490A-8443-DD622E1F08E2}.Debug|Any CPU.ActiveCfg = Debug|Any CPU
		{6A43ED64-DBC7-490A-8443-DD622E1F08E2}.Debug|Any CPU.Build.0 = Debug|Any CPU
		{6A43ED64-DBC7-490A-8443-DD622E1F08E2}.Release|Any CPU.ActiveCfg = Release|Any CPU
		{6A43ED64-DBC7-490A-8443-DD622E1F08E2}.Release|Any CPU.Build.0 = Release|Any CPU
		{CA57E7B1-9778-4D2B-AA57-22589F665FDB}.Debug|Any CPU.ActiveCfg = Debug|Any CPU
		{CA57E7B1-9778-4D2B-AA57-22589F665FDB}.Debug|Any CPU.Build.0 = Debug|Any CPU
		{CA57E7B1-9778-4D2B-AA57-22589F665FDB}.Release|Any CPU.ActiveCfg = Release|Any CPU
		{CA57E7B1-9778-4D2B-AA57-22589F665FDB}.Release|Any CPU.Build.0 = Release|Any CPU
	EndGlobalSection
	GlobalSection(SolutionProperties) = preSolution
		HideSolutionNode = FALSE
	EndGlobalSection
	GlobalSection(ExtensibilityGlobals) = postSolution
		SolutionGuid = {AD192B48-94CE-423E-A101-AC4CC5FC4F0D}
	EndGlobalSection
EndGlobal
